
Microsoft Visual Studio Solution File, Format Version 12.00
# Visual Studio Version 16
VisualStudioVersion = 16.0.31112.23
MinimumVisualStudioVersion = 10.0.40219.1
Project("{FAE04EC0-301F-11D3-BF4B-00C04F79EFBC}") = "poechat", "poechat.csproj", "{76D4C749-A871-4E55-AA75-80B293596A42}"
EndProject
Global
	GlobalSection(SolutionConfigurationPlatforms) = preSolution
		Debug|Any CPU = Debug|Any CPU
		Release|Any CPU = Release|Any CPU
	EndGlobalSection
	GlobalSection(ProjectConfigurationPlatforms) = postSolution
		{76D4C749-A871-4E55-AA75-80B293596A42}.Debug|Any CPU.ActiveCfg = Debug|Any CPU
		{76D4C749-A871-4E55-AA75-80B293596A42}.Debug|Any CPU.Build.0 = Debug|Any CPU
		{76D4C749-A871-4E55-AA75-80B293596A42}.Release|Any CPU.ActiveCfg = Release|Any CPU
		{76D4C749-A871-4E55-AA75-80B293596A42}.Release|Any CPU.Build.0 = Release|Any CPU
	EndGlobalSection
	GlobalSection(SolutionProperties) = preSolution
		HideSolutionNode = FALSE
	EndGlobalSection
	GlobalSection(ExtensibilityGlobals) = postSolution
		SolutionGuid = {D2545D75-2ED9-43CD-AB75-766C316181EC}
	EndGlobalSection
EndGlobal
